
Microsoft Visual Studio Solution File, Format Version 12.00
# Visual Studio Version 16
VisualStudioVersion = 16.0.31624.102
MinimumVisualStudioVersion = 10.0.40219.1
Project("{FAE04EC0-301F-11D3-BF4B-00C04F79EFBC}") = "CtaCteProveedores", "CtaCteProveedores\CtaCteProveedores.csproj", "{82AB0091-4E76-4201-B7CE-60125C37C775}"
EndProject
Global
	GlobalSection(SolutionConfigurationPlatforms) = preSolution
		Debug|Any CPU = Debug|Any CPU
		Release|Any CPU = Release|Any CPU
	EndGlobalSection
	GlobalSection(ProjectConfigurationPlatforms) = postSolution
		{82AB0091-4E76-4201-B7CE-60125C37C775}.Debug|Any CPU.ActiveCfg = Debug|Any CPU
		{82AB0091-4E76-4201-B7CE-60125C37C775}.Debug|Any CPU.Build.0 = Debug|Any CPU
		{82AB0091-4E76-4201-B7CE-60125C37C775}.Release|Any CPU.ActiveCfg = Release|Any CPU
		{82AB0091-4E76-4201-B7CE-60125C37C775}.Release|Any CPU.Build.0 = Release|Any CPU
	EndGlobalSection
	GlobalSection(SolutionProperties) = preSolution
		HideSolutionNode = FALSE
	EndGlobalSection
	GlobalSection(ExtensibilityGlobals) = postSolution
		SolutionGuid = {C2CB863C-67FA-4ABC-A1E2-C3FFBE9C85C6}
	EndGlobalSection
EndGlobal
